
Microsoft Visual Studio Solution File, Format Version 12.00
# Visual Studio Version 17
VisualStudioVersion = 17.0.31903.59
MinimumVisualStudioVersion = 10.0.40219.1
Project("{2150E333-8FDC-42A3-9474-1A3956D46DE8}") = "src", "src", "{8F1FA913-DE8F-4EB4-8F51-38552E588EC9}"
EndProject
Project("{FAE04EC0-301F-11D3-BF4B-00C04F79EFBC}") = "ElevenLabs.SDK", "src\ElevenLabs.SDK\ElevenLabs.SDK.csproj", "{05351597-6A3F-4E80-B0F2-0A6FAEBD60D0}"
EndProject
Project("{2150E333-8FDC-42A3-9474-1A3956D46DE8}") = "tests", "tests", "{30490C3D-29CC-4B3E-A772-1928C2CA20E9}"
EndProject
Project("{FAE04EC0-301F-11D3-BF4B-00C04F79EFBC}") = "ElevenLabs.SDK.Tests", "tests\ElevenLabs.SDK.Tests\ElevenLabs.SDK.Tests.csproj", "{5A5F93C9-6F39-44C5-953A-C16F2F8B95FC}"
EndProject
Global
	GlobalSection(SolutionConfigurationPlatforms) = preSolution
		Debug|Any CPU = Debug|Any CPU
		Release|Any CPU = Release|Any CPU
	EndGlobalSection
	GlobalSection(SolutionProperties) = preSolution
		HideSolutionNode = FALSE
	EndGlobalSection
	GlobalSection(ProjectConfigurationPlatforms) = postSolution
		{05351597-6A3F-4E80-B0F2-0A6FAEBD60D0}.Debug|Any CPU.ActiveCfg = Debug|Any CPU
		{05351597-6A3F-4E80-B0F2-0A6FAEBD60D0}.Debug|Any CPU.Build.0 = Debug|Any CPU
		{05351597-6A3F-4E80-B0F2-0A6FAEBD60D0}.Release|Any CPU.ActiveCfg = Release|Any CPU
		{05351597-6A3F-4E80-B0F2-0A6FAEBD60D0}.Release|Any CPU.Build.0 = Release|Any CPU
		{5A5F93C9-6F39-44C5-953A-C16F2F8B95FC}.Debug|Any CPU.ActiveCfg = Debug|Any CPU
		{5A5F93C9-6F39-44C5-953A-C16F2F8B95FC}.Debug|Any CPU.Build.0 = Debug|Any CPU
		{5A5F93C9-6F39-44C5-953A-C16F2F8B95FC}.Release|Any CPU.ActiveCfg = Release|Any CPU
		{5A5F93C9-6F39-44C5-953A-C16F2F8B95FC}.Release|Any CPU.Build.0 = Release|Any CPU
	EndGlobalSection
	GlobalSection(NestedProjects) = preSolution
		{05351597-6A3F-4E80-B0F2-0A6FAEBD60D0} = {8F1FA913-DE8F-4EB4-8F51-38552E588EC9}
		{5A5F93C9-6F39-44C5-953A-C16F2F8B95FC} = {30490C3D-29CC-4B3E-A772-1928C2CA20E9}
	EndGlobalSection
EndGlobal
